
Microsoft Visual Studio Solution File, Format Version 12.00
# Visual Studio Version 16
VisualStudioVersion = 16.0.29215.179
MinimumVisualStudioVersion = 10.0.40219.1
Project("{FAE04EC0-301F-11D3-BF4B-00C04F79EFBC}") = "DeadPixels", "DeadPixels\DeadPixels.csproj", "{DD3F437A-4196-458F-B55D-2694A1D253FC}"
EndProject
Project("{9A19103F-16F7-4668-BE54-9A1E7A4F7556}") = "MaxSum", "MaxSum\MaxSum.csproj", "{9E0E2459-7BE1-4882-9A25-977C3124C212}"
EndProject
Global
	GlobalSection(SolutionConfigurationPlatforms) = preSolution
		Debug|Any CPU = Debug|Any CPU
		Release|Any CPU = Release|Any CPU
	EndGlobalSection
	GlobalSection(ProjectConfigurationPlatforms) = postSolution
		{DD3F437A-4196-458F-B55D-2694A1D253FC}.Debug|Any CPU.ActiveCfg = Debug|Any CPU
		{DD3F437A-4196-458F-B55D-2694A1D253FC}.Debug|Any CPU.Build.0 = Debug|Any CPU
		{DD3F437A-4196-458F-B55D-2694A1D253FC}.Release|Any CPU.ActiveCfg = Release|Any CPU
		{DD3F437A-4196-458F-B55D-2694A1D253FC}.Release|Any CPU.Build.0 = Release|Any CPU
		{9E0E2459-7BE1-4882-9A25-977C3124C212}.Debug|Any CPU.ActiveCfg = Debug|Any CPU
		{9E0E2459-7BE1-4882-9A25-977C3124C212}.Debug|Any CPU.Build.0 = Debug|Any CPU
		{9E0E2459-7BE1-4882-9A25-977C3124C212}.Release|Any CPU.ActiveCfg = Release|Any CPU
		{9E0E2459-7BE1-4882-9A25-977C3124C212}.Release|Any CPU.Build.0 = Release|Any CPU
	EndGlobalSection
	GlobalSection(SolutionProperties) = preSolution
		HideSolutionNode = FALSE
	EndGlobalSection
	GlobalSection(ExtensibilityGlobals) = postSolution
		SolutionGuid = {DC274AA5-EB59-400B-A209-7CC1BE3BA94C}
	EndGlobalSection
EndGlobal
